
Microsoft Visual Studio Solution File, Format Version 12.00
# Visual Studio Version 16
VisualStudioVersion = 16.0.28711.60
MinimumVisualStudioVersion = 10.0.40219.1
Project("{2150E333-8FDC-42A3-9474-1A3956D46DE8}") = "Solution Items", "Solution Items", "{C594304E-ECCB-46F8-B01F-E46842ACA518}"
	ProjectSection(SolutionItems) = preProject
		dbo.Comments.data.sql = dbo.Comments.data.sql
		dbo.Threads.data.sql = dbo.Threads.data.sql
		dbo.Users.data.sql = dbo.Users.data.sql
	EndProjectSection
EndProject
Project("{9A19103F-16F7-4668-BE54-9A1E7A4F7556}") = "SocialForumAPI", "SocialForumAPI\SocialForumAPI.csproj", "{66C00842-8216-4F4A-A914-48D880912416}"
EndProject
Project("{9A19103F-16F7-4668-BE54-9A1E7A4F7556}") = "SocialForumData", "SocialForumData\SocialForumData.csproj", "{EC38C694-49F1-4585-B586-08D69E099F71}"
EndProject
Global
	GlobalSection(SolutionConfigurationPlatforms) = preSolution
		Debug|Any CPU = Debug|Any CPU
		Release|Any CPU = Release|Any CPU
	EndGlobalSection
	GlobalSection(ProjectConfigurationPlatforms) = postSolution
		{66C00842-8216-4F4A-A914-48D880912416}.Debug|Any CPU.ActiveCfg = Debug|Any CPU
		{66C00842-8216-4F4A-A914-48D880912416}.Debug|Any CPU.Build.0 = Debug|Any CPU
		{66C00842-8216-4F4A-A914-48D880912416}.Release|Any CPU.ActiveCfg = Release|Any CPU
		{66C00842-8216-4F4A-A914-48D880912416}.Release|Any CPU.Build.0 = Release|Any CPU
		{EC38C694-49F1-4585-B586-08D69E099F71}.Debug|Any CPU.ActiveCfg = Debug|Any CPU
		{EC38C694-49F1-4585-B586-08D69E099F71}.Debug|Any CPU.Build.0 = Debug|Any CPU
		{EC38C694-49F1-4585-B586-08D69E099F71}.Release|Any CPU.ActiveCfg = Release|Any CPU
		{EC38C694-49F1-4585-B586-08D69E099F71}.Release|Any CPU.Build.0 = Release|Any CPU
	EndGlobalSection
	GlobalSection(SolutionProperties) = preSolution
		HideSolutionNode = FALSE
	EndGlobalSection
	GlobalSection(ExtensibilityGlobals) = postSolution
		SolutionGuid = {76F22B0C-56CE-40E6-BE16-9FF5D5E54390}
	EndGlobalSection
EndGlobal
